<?xml version="1.0" encoding="utf-8"?>
<Project ToolsVersion="4.0" xmlns="http://schemas.microsoft.com/developer/msbuild/2003">
  <ItemGroup>
    <Filter Include="App">
      <UniqueIdentifier>{fd6e53a8-bef8-41c6-9523-1aa5a9c98bcb}</UniqueIdentifier>
    </Filter>
    <Filter Include="Engine">
      <UniqueIdentifier>{88c25495-0aad-40bf-a00a-fdbaa6d409b4}</UniqueIdentifier>
    </Filter>
    <Filter Include="Engine\Public">
      <UniqueIdentifier>{a0e22ce8-3022-475d-b4af-c17f1f8d15cc}</UniqueIdentifier>
    </Filter>
    <Filter Include="Engine\Private">
      <UniqueIdentifier>{4589dbc3-ec2c-4a9d-a23b-6ee747440841}</UniqueIdentifier>
    </Filter>
  </ItemGroup>
  <ItemGroup>
    <ClCompile Include="App\Main.cpp">
      <Filter>App</Filter>
    </ClCompile>
    <ClCompile Include="Engine\Private\Window.cpp">
      <Filter>Engine\Public</Filter>
    </ClCompile>
    <ClCompile Include="Engine\Private\AppWindow.cpp">
      <Filter>Engine\Private</Filter>
    </ClCompile>
    <ClCompile Include="Engine\Private\GraphicsEngine.cpp" />
    <ClCompile Include="Engine\Private\DXSwapChain.cpp" />
  </ItemGroup>
  <ItemGroup>
    <ClInclude Include="Engine\Public\Window.h">
      <Filter>Engine\Public</Filter>
    </ClInclude>
    <ClInclude Include="Engine\Public\AppWindow.h">
      <Filter>Engine\Private</Filter>
    </ClInclude>
    <ClInclude Include="Engine\Public\GraphicsEngine.h" />
    <ClInclude Include="Engine\Public\DXSwapChain.h" />
  </ItemGroup>
</Project>